[[package]]
name = "greenlet"
version = "1.1.2"
description = "Lightweight in-process concurrent programming"
category = "main"
optional = false
python-versions = ">=2.7,!=3.0.*,!=3.1.*,!=3.2.*,!=3.3.*,!=3.4.*"

[package.extras]
docs = ["sphinx"]

[[package]]
name = "playwright"
version = "1.18.2"
description = "A high-level API to automate web browsers"
category = "main"
optional = false
python-versions = ">=3.7"

[package.dependencies]
greenlet = "1.1.2"
pyee = "8.1.0"
typing-extensions = {version = "*", markers = "python_version <= \"3.8\""}
websockets = "10.1"

[[package]]
name = "pyee"
version = "8.1.0"
description = "A port of node.js's EventEmitter to python."
category = "main"
optional = false
python-versions = "*"

[[package]]
name = "typing-extensions"
version = "4.1.1"
description = "Backported and Experimental Type Hints for Python 3.6+"
category = "main"
optional = false
python-versions = ">=3.6"

[[package]]
name = "websockets"
version = "10.1"
description = "An implementation of the WebSocket Protocol (RFC 6455 & 7692)"
category = "main"
optional = false
python-versions = ">=3.7"

[metadata]
lock-version = "1.1"
python-versions = "^3.7"
content-hash = "8113455fc4e42a27c4d13fb5178ea6c2a94dd82b2058964b8ba2718b7ae52dd1"

[metadata.files]
greenlet = [
    {file = "greenlet-1.1.2-cp27-cp27m-macosx_10_14_x86_64.whl", hash = "sha256:58df5c2a0e293bf665a51f8a100d3e9956febfbf1d9aaf8c0677cf70218910c6"},
    {file = "greenlet-1.1.2-cp27-cp27m-manylinux1_x86_64.whl", hash = "sha256:aec52725173bd3a7b56fe91bc56eccb26fbdff1386ef123abb63c84c5b43b63a"},
    {file = "greenlet-1.1.2-cp27-cp27m-manylinux2010_x86_64.whl", hash = "sha256:833e1551925ed51e6b44c800e71e77dacd7e49181fdc9ac9a0bf3714d515785d"},
    {file = "greenlet-1.1.2-cp27-cp27m-win32.whl", hash = "sha256:aa5b467f15e78b82257319aebc78dd2915e4c1436c3c0d1ad6f53e47ba6e2713"},
    {file = "greenlet-1.1.2-cp27-cp27m-win_amd64.whl", hash = "sha256:40b951f601af999a8bf2ce8c71e8aaa4e8c6f78ff8afae7b808aae2dc50d4c40"},
    {file = "greenlet-1.1.2-cp27-cp27mu-manylinux1_x86_64.whl", hash = "sha256:95e69877983ea39b7303570fa6760f81a3eec23d0e3ab2021b7144b94d06202d"},
    {file = "greenlet-1.1.2-cp27-cp27mu-manylinux2010_x86_64.whl", hash = "sha256:356b3576ad078c89a6107caa9c50cc14e98e3a6c4874a37c3e0273e4baf33de8"},
    {file = "greenlet-1.1.2-cp310-cp310-macosx_10_14_x86_64.whl", hash = "sha256:8639cadfda96737427330a094476d4c7a56ac03de7265622fcf4cfe57c8ae18d"},
    {file = "greenlet-1.1.2-cp310-cp310-manylinux_2_17_aarch64.manylinux2014_aarch64.whl", hash = "sha256:97e5306482182170ade15c4b0d8386ded995a07d7cc2ca8f27958d34d6736497"},
    {file = "greenlet-1.1.2-cp310-cp310-manylinux_2_17_ppc64le.manylinux2014_ppc64le.whl", hash = "sha256:e6a36bb9474218c7a5b27ae476035497a6990e21d04c279884eb10d9b290f1b1"},
    {file = "greenlet-1.1.2-cp310-cp310-manylinux_2_17_x86_64.manylinux2014_x86_64.whl", hash = "sha256:abb7a75ed8b968f3061327c433a0fbd17b729947b400747c334a9c29a9af6c58"},
    {file = "greenlet-1.1.2-cp310-cp310-win_amd64.whl", hash = "sha256:14d4f3cd4e8b524ae9b8aa567858beed70c392fdec26dbdb0a8a418392e71708"},
    {file = "greenlet-1.1.2-cp35-cp35m-macosx_10_14_x86_64.whl", hash = "sha256:17ff94e7a83aa8671a25bf5b59326ec26da379ace2ebc4411d690d80a7fbcf23"},
    {file = "greenlet-1.1.2-cp35-cp35m-manylinux1_x86_64.whl", hash = "sha256:9f3cba480d3deb69f6ee2c1825060177a22c7826431458c697df88e6aeb3caee"},
    {file = "greenlet-1.1.2-cp35-cp35m-manylinux2010_x86_64.whl", hash = "sha256:fa877ca7f6b48054f847b61d6fa7bed5cebb663ebc55e018fda12db09dcc664c"},
    {file = "greenlet-1.1.2-cp35-cp35m-win32.whl", hash = "sha256:7cbd7574ce8e138bda9df4efc6bf2ab8572c9aff640d8ecfece1b006b68da963"},
    {file = "greenlet-1.1.2-cp35-cp35m-win_amd64.whl", hash = "sha256:903bbd302a2378f984aef528f76d4c9b1748f318fe1294961c072bdc7f2ffa3e"},
    {file = "greenlet-1.1.2-cp36-cp36m-macosx_10_14_x86_64.whl", hash = "sha256:049fe7579230e44daef03a259faa24511d10ebfa44f69411d99e6a184fe68073"},
    {file = "greenlet-1.1.2-cp36-cp36m-manylinux1_x86_64.whl", hash = "sha256:dd0b1e9e891f69e7675ba5c92e28b90eaa045f6ab134ffe70b52e948aa175b3c"},
    {file = "greenlet-1.1.2-cp36-cp36m-manylinux2010_x86_64.whl", hash = "sha256:7418b6bfc7fe3331541b84bb2141c9baf1ec7132a7ecd9f375912eca810e714e"},
    {file = "greenlet-1.1.2-cp36-cp36m-manylinux_2_17_aarch64.manylinux2014_aarch64.whl", hash = "sha256:f9d29ca8a77117315101425ec7ec2a47a22ccf59f5593378fc4077ac5b754fce"},
    {file = "greenlet-1.1.2-cp36-cp36m-manylinux_2_17_ppc64le.manylinux2014_ppc64le.whl", hash = "sha256:21915eb821a6b3d9d8eefdaf57d6c345b970ad722f856cd71739493ce003ad08"},
    {file = "greenlet-1.1.2-cp36-cp36m-manylinux_2_17_x86_64.manylinux2014_x86_64.whl", hash = "sha256:eff9d20417ff9dcb0d25e2defc2574d10b491bf2e693b4e491914738b7908168"},
    {file = "greenlet-1.1.2-cp36-cp36m-win32.whl", hash = "sha256:32ca72bbc673adbcfecb935bb3fb1b74e663d10a4b241aaa2f5a75fe1d1f90aa"},
    {file = "greenlet-1.1.2-cp36-cp36m-win_amd64.whl", hash = "sha256:f0214eb2a23b85528310dad848ad2ac58e735612929c8072f6093f3585fd342d"},
    {file = "greenlet-1.1.2-cp37-cp37m-macosx_10_14_x86_64.whl", hash = "sha256:b92e29e58bef6d9cfd340c72b04d74c4b4e9f70c9fa7c78b674d1fec18896dc4"},
    {file = "greenlet-1.1.2-cp37-cp37m-manylinux1_x86_64.whl", hash = "sha256:fdcec0b8399108577ec290f55551d926d9a1fa6cad45882093a7a07ac5ec147b"},
    {file = "greenlet-1.1.2-cp37-cp37m-manylinux2010_x86_64.whl", hash = "sha256:93f81b134a165cc17123626ab8da2e30c0455441d4ab5576eed73a64c025b25c"},
    {file = "greenlet-1.1.2-cp37-cp37m-manylinux_2_17_aarch64.manylinux2014_aarch64.whl", hash = "sha256:1e12bdc622676ce47ae9abbf455c189e442afdde8818d9da983085df6312e7a1"},
    {file = "greenlet-1.1.2-cp37-cp37m-manylinux_2_17_ppc64le.manylinux2014_ppc64le.whl", hash = "sha256:8c790abda465726cfb8bb08bd4ca9a5d0a7bd77c7ac1ca1b839ad823b948ea28"},
    {file = "greenlet-1.1.2-cp37-cp37m-manylinux_2_17_x86_64.manylinux2014_x86_64.whl", hash = "sha256:f276df9830dba7a333544bd41070e8175762a7ac20350786b322b714b0e654f5"},
    {file = "greenlet-1.1.2-cp37-cp37m-win32.whl", hash = "sha256:64e6175c2e53195278d7388c454e0b30997573f3f4bd63697f88d855f7a6a1fc"},
    {file = "greenlet-1.1.2-cp37-cp37m-win_amd64.whl", hash = "sha256:b11548073a2213d950c3f671aa88e6f83cda6e2fb97a8b6317b1b5b33d850e06"},
    {file = "greenlet-1.1.2-cp38-cp38-macosx_10_14_x86_64.whl", hash = "sha256:9633b3034d3d901f0a46b7939f8c4d64427dfba6bbc5a36b1a67364cf148a1b0"},
    {file = "greenlet-1.1.2-cp38-cp38-manylinux1_x86_64.whl", hash = "sha256:eb6ea6da4c787111adf40f697b4e58732ee0942b5d3bd8f435277643329ba627"},
    {file = "greenlet-1.1.2-cp38-cp38-manylinux2010_x86_64.whl", hash = "sha256:f3acda1924472472ddd60c29e5b9db0cec629fbe3c5c5accb74d6d6d14773478"},
    {file = "greenlet-1.1.2-cp38-cp38-manylinux_2_17_aarch64.manylinux2014_aarch64.whl", hash = "sha256:e859fcb4cbe93504ea18008d1df98dee4f7766db66c435e4882ab35cf70cac43"},
    {file = "greenlet-1.1.2-cp38-cp38-manylinux_2_17_ppc64le.manylinux2014_ppc64le.whl", hash = "sha256:00e44c8afdbe5467e4f7b5851be223be68adb4272f44696ee71fe46b7036a711"},
    {file = "greenlet-1.1.2-cp38-cp38-manylinux_2_17_x86_64.manylinux2014_x86_64.whl", hash = "sha256:ec8c433b3ab0419100bd45b47c9c8551248a5aee30ca5e9d399a0b57ac04651b"},
    {file = "greenlet-1.1.2-cp38-cp38-win32.whl", hash = "sha256:288c6a76705dc54fba69fbcb59904ae4ad768b4c768839b8ca5fdadec6dd8cfd"},
    {file = "greenlet-1.1.2-cp38-cp38-win_amd64.whl", hash = "sha256:8d2f1fb53a421b410751887eb4ff21386d119ef9cde3797bf5e7ed49fb51a3b3"},
    {file = "greenlet-1.1.2-cp39-cp39-macosx_10_14_x86_64.whl", hash = "sha256:166eac03e48784a6a6e0e5f041cfebb1ab400b394db188c48b3a84737f505b67"},
    {file = "greenlet-1.1.2-cp39-cp39-manylinux1_x86_64.whl", hash = "sha256:572e1787d1460da79590bf44304abbc0a2da944ea64ec549188fa84d89bba7ab"},
    {file = "greenlet-1.1.2-cp39-cp39-manylinux2010_x86_64.whl", hash = "sha256:be5f425ff1f5f4b3c1e33ad64ab994eed12fc284a6ea71c5243fd564502ecbe5"},
    {file = "greenlet-1.1.2-cp39-cp39-manylinux_2_17_aarch64.manylinux2014_aarch64.whl", hash = "sha256:b1692f7d6bc45e3200844be0dba153612103db241691088626a33ff1f24a0d88"},
    {file = "greenlet-1.1.2-cp39-cp39-manylinux_2_17_ppc64le.manylinux2014_ppc64le.whl", hash = "sha256:7227b47e73dedaa513cdebb98469705ef0d66eb5a1250144468e9c3097d6b59b"},
    {file = "greenlet-1.1.2-cp39-cp39-manylinux_2_17_x86_64.manylinux2014_x86_64.whl", hash = "sha256:7ff61ff178250f9bb3cd89752df0f1dd0e27316a8bd1465351652b1b4a4cdfd3"},
    {file = "greenlet-1.1.2-cp39-cp39-win32.whl", hash = "sha256:f70a9e237bb792c7cc7e44c531fd48f5897961701cdaa06cf22fc14965c496cf"},
    {file = "greenlet-1.1.2-cp39-cp39-win_amd64.whl", hash = "sha256:013d61294b6cd8fe3242932c1c5e36e5d1db2c8afb58606c5a67efce62c1f5fd"},
    {file = "greenlet-1.1.2.tar.gz", hash = "sha256:e30f5ea4ae2346e62cedde8794a56858a67b878dd79f7df76a0767e356b1744a"},
]
playwright = [
    {file = "playwright-1.18.2-py3-none-macosx_10_13_x86_64.whl", hash = "sha256:5b512d0d734a2b6bc001461fdf1cc65e5ef1c8489187d03f6a7c0ed3552fe469"},
    {file = "playwright-1.18.2-py3-none-macosx_11_0_arm64.whl", hash = "sha256:75aacc73bdfb6c6832e7a09f3e9d356db0e2bd8f18d719b068c17c841c0a5507"},
    {file = "playwright-1.18.2-py3-none-macosx_11_0_universal2.whl", hash = "sha256:0d69764ea9a216ce933eb5679ff6aa6399e7e9e43360809ec261549741e1b8d6"},
    {file = "playwright-1.18.2-py3-none-manylinux1_x86_64.whl", hash = "sha256:425c475b65562a6a2f7d46c5dcaa13d8ff098da101a100600016d320325ec436"},
    {file = "playwright-1.18.2-py3-none-manylinux_2_17_aarch64.manylinux2014_aarch64.whl", hash = "sha256:6d640e10ce2a41fb474be74526ec1413e71ed242b963a63b4a0ff6f30afabb5d"},
    {file = "playwright-1.18.2-py3-none-win32.whl", hash = "sha256:51f946c98805eedc965673e873c4d828af298cbe171ef26a256d653e3730632a"},
    {file = "playwright-1.18.2-py3-none-win_amd64.whl", hash = "sha256:4b55758555dd3937ed0722446182f0b97e96704895bea47cf58d04fd7a900edb"},
]
pyee = [
    {file = "pyee-8.1.0-py2.py3-none-any.whl", hash = "sha256:383973b63ad7ed5e3c0311f8b179c52981f9e7b3eaea0e9a830d13ec34dde65f"},
    {file = "pyee-8.1.0.tar.gz", hash = "sha256:92dacc5bd2bdb8f95aa8dd2585d47ca1c4840e2adb95ccf90034d64f725bfd31"},
]
typing-extensions = [
    {file = "typing_extensions-4.1.1-py3-none-any.whl", hash = "sha256:21c85e0fe4b9a155d0799430b0ad741cdce7e359660ccbd8b530613e8df88ce2"},
    {file = "typing_extensions-4.1.1.tar.gz", hash = "sha256:1a9462dcc3347a79b1f1c0271fbe79e844580bb598bafa1ed208b94da3cdcd42"},
]
websockets = [
    {file = "websockets-10.1-cp310-cp310-macosx_10_9_universal2.whl", hash = "sha256:38db6e2163b021642d0a43200ee2dec8f4980bdbda96db54fde72b283b54cbfc"},
    {file = "websockets-10.1-cp310-cp310-macosx_10_9_x86_64.whl", hash = "sha256:e1b60fd297adb9fc78375778a5220da7f07bf54d2a33ac781319650413fc6a60"},
    {file = "websockets-10.1-cp310-cp310-macosx_11_0_arm64.whl", hash = "sha256:3477146d1f87ead8df0f27e8960249f5248dceb7c2741e8bbec9aa5338d0c053"},
    {file = "websockets-10.1-cp310-cp310-manylinux_2_17_aarch64.manylinux2014_aarch64.whl", hash = "sha256:bb01ea7b5f52e7125bdc3c5807aeaa2d08a0553979cf2d96a8b7803ea33e15e7"},
    {file = "websockets-10.1-cp310-cp310-manylinux_2_5_i686.manylinux1_i686.manylinux_2_12_i686.manylinux2010_i686.whl", hash = "sha256:9fd62c6dc83d5d35fb6a84ff82ec69df8f4657fff05f9cd6c7d9bec0dd57f0f6"},
    {file = "websockets-10.1-cp310-cp310-manylinux_2_5_x86_64.manylinux1_x86_64.manylinux_2_12_x86_64.manylinux2010_x86_64.whl", hash = "sha256:3bbf080f3892ba1dc8838786ec02899516a9d227abe14a80ef6fd17d4fb57127"},
    {file = "websockets-10.1-cp310-cp310-musllinux_1_1_aarch64.whl", hash = "sha256:5560558b0dace8312c46aa8915da977db02738ac8ecffbc61acfbfe103e10155"},
    {file = "websockets-10.1-cp310-cp310-musllinux_1_1_i686.whl", hash = "sha256:667c41351a6d8a34b53857ceb8343a45c85d438ee4fd835c279591db8aeb85be"},
    {file = "websockets-10.1-cp310-cp310-musllinux_1_1_x86_64.whl", hash = "sha256:468f0031fdbf4d643f89403a66383247eb82803430b14fa27ce2d44d2662ca37"},
    {file = "websockets-10.1-cp310-cp310-win32.whl", hash = "sha256:d0d81b46a5c87d443e40ce2272436da8e6092aa91f5fbeb60d1be9f11eff5b4c"},
    {file = "websockets-10.1-cp310-cp310-win_amd64.whl", hash = "sha256:b68b6caecb9a0c6db537aa79750d1b592a841e4f1a380c6196091e65b2ad35f9"},
    {file = "websockets-10.1-cp37-cp37m-macosx_10_9_x86_64.whl", hash = "sha256:a249139abc62ef333e9e85064c27fefb113b16ffc5686cefc315bdaef3eefbc8"},
    {file = "websockets-10.1-cp37-cp37m-manylinux_2_17_aarch64.manylinux2014_aarch64.whl", hash = "sha256:8877861e3dee38c8d302eee0d5dbefa6663de3b46dc6a888f70cd7e82562d1f7"},
    {file = "websockets-10.1-cp37-cp37m-manylinux_2_5_i686.manylinux1_i686.manylinux_2_12_i686.manylinux2010_i686.whl", hash = "sha256:e3872ae57acd4306ecf937d36177854e218e999af410a05c17168cd99676c512"},
    {file = "websockets-10.1-cp37-cp37m-manylinux_2_5_x86_64.manylinux1_x86_64.manylinux_2_12_x86_64.manylinux2010_x86_64.whl", hash = "sha256:b66e6d514f12c28d7a2d80bb2a48ef223342e99c449782d9831b0d29a9e88a17"},
    {file = "websockets-10.1-cp37-cp37m-musllinux_1_1_aarch64.whl", hash = "sha256:9f304a22ece735a3da8a51309bc2c010e23961a8f675fae46fdf62541ed62123"},
    {file = "websockets-10.1-cp37-cp37m-musllinux_1_1_i686.whl", hash = "sha256:189ed478395967d6a98bb293abf04e8815349e17456a0a15511f1088b6cb26e4"},
    {file = "websockets-10.1-cp37-cp37m-musllinux_1_1_x86_64.whl", hash = "sha256:08a42856158307e231b199671c4fce52df5786dd3d703f36b5d8ac76b206c485"},
    {file = "websockets-10.1-cp37-cp37m-win32.whl", hash = "sha256:3ef6f73854cded34e78390dbdf40dfdcf0b89b55c0e282468ef92646fce8d13a"},
    {file = "websockets-10.1-cp37-cp37m-win_amd64.whl", hash = "sha256:89e985d40d407545d5f5e2e58e1fdf19a22bd2d8cd54d20a882e29f97e930a0a"},
    {file = "websockets-10.1-cp38-cp38-macosx_10_9_universal2.whl", hash = "sha256:002071169d2e44ce8eb9e5ebac9fbce142ba4b5146eef1cfb16b177a27662657"},
    {file = "websockets-10.1-cp38-cp38-macosx_10_9_x86_64.whl", hash = "sha256:cfae282c2aa7f0c4be45df65c248481f3509f8c40ca8b15ed96c35668ae0ff69"},
    {file = "websockets-10.1-cp38-cp38-macosx_11_0_arm64.whl", hash = "sha256:97b4b68a2ddaf5c4707ae79c110bfd874c5be3c6ac49261160fb243fa45d8bbb"},
    {file = "websockets-10.1-cp38-cp38-manylinux_2_17_aarch64.manylinux2014_aarch64.whl", hash = "sha256:7c9407719f42cb77049975410490c58a705da6af541adb64716573e550e5c9db"},
    {file = "websockets-10.1-cp38-cp38-manylinux_2_5_i686.manylinux1_i686.manylinux_2_12_i686.manylinux2010_i686.whl", hash = "sha256:1d858fb31e5ac992a2cdf17e874c95f8a5b1e917e1fb6b45ad85da30734b223f"},
    {file = "websockets-10.1-cp38-cp38-manylinux_2_5_x86_64.manylinux1_x86_64.manylinux_2_12_x86_64.manylinux2010_x86_64.whl", hash = "sha256:7bdd3d26315db0a9cf8a0af30ca95e0aa342eda9c1377b722e71ccd86bc5d1dd"},
    {file = "websockets-10.1-cp38-cp38-musllinux_1_1_aarch64.whl", hash = "sha256:e259be0863770cb91b1a6ccf6907f1ac2f07eff0b7f01c249ed751865a70cb0d"},
    {file = "websockets-10.1-cp38-cp38-musllinux_1_1_i686.whl", hash = "sha256:6b014875fae19577a392372075e937ebfebf53fd57f613df07b35ab210f31534"},
    {file = "websockets-10.1-cp38-cp38-musllinux_1_1_x86_64.whl", hash = "sha256:98de71f86bdb29430fd7ba9997f47a6b10866800e3ea577598a786a785701bb0"},
    {file = "websockets-10.1-cp38-cp38-win32.whl", hash = "sha256:3a02ab91d84d9056a9ee833c254895421a6333d7ae7fff94b5c68e4fa8095519"},
    {file = "websockets-10.1-cp38-cp38-win_amd64.whl", hash = "sha256:7d6673b2753f9c5377868a53445d0c321ef41ff3c8e3b6d57868e72054bfce5f"},
    {file = "websockets-10.1-cp39-cp39-macosx_10_9_universal2.whl", hash = "sha256:ddab2dc69ee5ae27c74dbfe9d7bb6fee260826c136dca257faa1a41d1db61a89"},
    {file = "websockets-10.1-cp39-cp39-macosx_10_9_x86_64.whl", hash = "sha256:14e9cf68a08d1a5d42109549201aefba473b1d925d233ae19035c876dd845da9"},
    {file = "websockets-10.1-cp39-cp39-macosx_11_0_arm64.whl", hash = "sha256:e4819c6fb4f336fd5388372cb556b1f3a165f3f68e66913d1a2fc1de55dc6f58"},
    {file = "websockets-10.1-cp39-cp39-manylinux_2_17_aarch64.manylinux2014_aarch64.whl", hash = "sha256:05e7f098c76b0a4743716590bb8f9706de19f1ef5148d61d0cf76495ec3edb9c"},
    {file = "websockets-10.1-cp39-cp39-manylinux_2_5_i686.manylinux1_i686.manylinux_2_12_i686.manylinux2010_i686.whl", hash = "sha256:5bb6256de5a4fb1d42b3747b4e2268706c92965d75d0425be97186615bf2f24f"},
    {file = "websockets-10.1-cp39-cp39-manylinux_2_5_x86_64.manylinux1_x86_64.manylinux_2_12_x86_64.manylinux2010_x86_64.whl", hash = "sha256:888a5fa2a677e0c2b944f9826c756475980f1b276b6302e606f5c4ff5635be9e"},
    {file = "websockets-10.1-cp39-cp39-musllinux_1_1_aarch64.whl", hash = "sha256:6fdec1a0b3e5630c58e3d8704d2011c678929fce90b40908c97dfc47de8dca72"},
    {file = "websockets-10.1-cp39-cp39-musllinux_1_1_i686.whl", hash = "sha256:531d8eb013a9bc6b3ad101588182aa9b6dd994b190c56df07f0d84a02b85d530"},
    {file = "websockets-10.1-cp39-cp39-musllinux_1_1_x86_64.whl", hash = "sha256:0d93b7cadc761347d98da12ec1930b5c71b2096f1ceed213973e3cda23fead9c"},
    {file = "websockets-10.1-cp39-cp39-win32.whl", hash = "sha256:d9b245db5a7e64c95816e27d72830e51411c4609c05673d1ae81eb5d23b0be54"},
    {file = "websockets-10.1-cp39-cp39-win_amd64.whl", hash = "sha256:882c0b8bdff3bf1bd7f024ce17c6b8006042ec4cceba95cf15df57e57efa471c"},
    {file = "websockets-10.1-pp37-pypy37_pp73-macosx_10_9_x86_64.whl", hash = "sha256:10edd9d7d3581cfb9ff544ac09fc98cab7ee8f26778a5a8b2d5fd4b0684c5ba5"},
    {file = "websockets-10.1-pp37-pypy37_pp73-manylinux_2_17_aarch64.manylinux2014_aarch64.whl", hash = "sha256:baa83174390c0ff4fc1304fbe24393843ac7a08fdd59295759c4b439e06b1536"},
    {file = "websockets-10.1-pp37-pypy37_pp73-manylinux_2_5_i686.manylinux1_i686.manylinux_2_12_i686.manylinux2010_i686.whl", hash = "sha256:483edee5abed738a0b6a908025be47f33634c2ad8e737edd03ffa895bd600909"},
    {file = "websockets-10.1-pp37-pypy37_pp73-manylinux_2_5_x86_64.manylinux1_x86_64.manylinux_2_12_x86_64.manylinux2010_x86_64.whl", hash = "sha256:816ae7dac2c6522cfa620947ead0ca95ac654916eebf515c94d7c28de5601a6e"},
    {file = "websockets-10.1-pp37-pypy37_pp73-win_amd64.whl", hash = "sha256:1dafe98698ece09b8ccba81b910643ff37198e43521d977be76caf37709cf62b"},
    {file = "websockets-10.1.tar.gz", hash = "sha256:181d2b25de5a437b36aefedaf006ecb6fa3aa1328ec0236cdde15f32f9d3ff6d"},
]
